
Microsoft Visual Studio Solution File, Format Version 12.00
# Visual Studio 15
VisualStudioVersion = 15.0.26730.12
MinimumVisualStudioVersion = 10.0.40219.1
Project("{FAE04EC0-301F-11D3-BF4B-00C04F79EFBC}") = "Exercice01", "Exercice01\Exercice01.csproj", "{58169991-0CB2-4749-9B5B-DAF412AB6B43}"
EndProject
Project("{FAE04EC0-301F-11D3-BF4B-00C04F79EFBC}") = "Exercice02", "Exercice02\Exercice02.csproj", "{F60A3BC1-D5C3-41C3-B191-1608A578CC99}"
EndProject
Global
	GlobalSection(SolutionConfigurationPlatforms) = preSolution
		Debug|Any CPU = Debug|Any CPU
		Release|Any CPU = Release|Any CPU
	EndGlobalSection
	GlobalSection(ProjectConfigurationPlatforms) = postSolution
		{58169991-0CB2-4749-9B5B-DAF412AB6B43}.Debug|Any CPU.ActiveCfg = Debug|Any CPU
		{58169991-0CB2-4749-9B5B-DAF412AB6B43}.Debug|Any CPU.Build.0 = Debug|Any CPU
		{58169991-0CB2-4749-9B5B-DAF412AB6B43}.Release|Any CPU.ActiveCfg = Release|Any CPU
		{58169991-0CB2-4749-9B5B-DAF412AB6B43}.Release|Any CPU.Build.0 = Release|Any CPU
		{F60A3BC1-D5C3-41C3-B191-1608A578CC99}.Debug|Any CPU.ActiveCfg = Debug|Any CPU
		{F60A3BC1-D5C3-41C3-B191-1608A578CC99}.Debug|Any CPU.Build.0 = Debug|Any CPU
		{F60A3BC1-D5C3-41C3-B191-1608A578CC99}.Release|Any CPU.ActiveCfg = Release|Any CPU
		{F60A3BC1-D5C3-41C3-B191-1608A578CC99}.Release|Any CPU.Build.0 = Release|Any CPU
	EndGlobalSection
	GlobalSection(SolutionProperties) = preSolution
		HideSolutionNode = FALSE
	EndGlobalSection
	GlobalSection(ExtensibilityGlobals) = postSolution
		SolutionGuid = {0E5EA273-395B-4BAE-AE50-5C381C73AA0D}
	EndGlobalSection
EndGlobal
